
Microsoft Visual Studio Solution File, Format Version 12.00
Project("{FAE04EC0-301F-11D3-BF4B-00C04F79EFBC}") = "GraphQL.Api", "GraphQL.Api\GraphQL.Api.csproj", "{19C0EF19-D5C9-477B-B8CF-3CB4E613E573}"
EndProject
Project("{FAE04EC0-301F-11D3-BF4B-00C04F79EFBC}") = "GraphQL.DomainService", "GraphQL.DomainService\GraphQL.DomainService.csproj", "{2C301D41-5029-4D62-ACDE-70488FAEACE0}"
EndProject
Global
	GlobalSection(SolutionConfigurationPlatforms) = preSolution
		Debug|Any CPU = Debug|Any CPU
		Release|Any CPU = Release|Any CPU
	EndGlobalSection
	GlobalSection(ProjectConfigurationPlatforms) = postSolution
		{19C0EF19-D5C9-477B-B8CF-3CB4E613E573}.Debug|Any CPU.ActiveCfg = Debug|Any CPU
		{19C0EF19-D5C9-477B-B8CF-3CB4E613E573}.Debug|Any CPU.Build.0 = Debug|Any CPU
		{19C0EF19-D5C9-477B-B8CF-3CB4E613E573}.Release|Any CPU.ActiveCfg = Release|Any CPU
		{19C0EF19-D5C9-477B-B8CF-3CB4E613E573}.Release|Any CPU.Build.0 = Release|Any CPU
		{2C301D41-5029-4D62-ACDE-70488FAEACE0}.Debug|Any CPU.ActiveCfg = Debug|Any CPU
		{2C301D41-5029-4D62-ACDE-70488FAEACE0}.Debug|Any CPU.Build.0 = Debug|Any CPU
		{2C301D41-5029-4D62-ACDE-70488FAEACE0}.Release|Any CPU.ActiveCfg = Release|Any CPU
		{2C301D41-5029-4D62-ACDE-70488FAEACE0}.Release|Any CPU.Build.0 = Release|Any CPU
	EndGlobalSection
EndGlobal
